
Microsoft Visual Studio Solution File, Format Version 12.00
# Visual Studio Version 17
VisualStudioVersion = 17.3.32804.467
MinimumVisualStudioVersion = 10.0.40219.1
Project("{9A19103F-16F7-4668-BE54-9A1E7A4F7556}") = "BlazorWebAssemblySignalRApp.Server", "Server\BlazorWebAssemblySignalRApp.Server.csproj", "{9509C971-3F44-4208-96DF-8196D29A2255}"
EndProject
Project("{9A19103F-16F7-4668-BE54-9A1E7A4F7556}") = "BlazorWebAssemblySignalRApp.Client", "Client\BlazorWebAssemblySignalRApp.Client.csproj", "{07F75CF2-568B-446D-A18C-B5B57833F3FA}"
EndProject
Project("{9A19103F-16F7-4668-BE54-9A1E7A4F7556}") = "BlazorWebAssemblySignalRApp.Shared", "Shared\BlazorWebAssemblySignalRApp.Shared.csproj", "{4796E55D-B9D8-4010-8F6A-12DE6A11BEB8}"
EndProject
Project("{FAE04EC0-301F-11D3-BF4B-00C04F79EFBC}") = "Organization", "Organization\Organization.csproj", "{061AD4AA-D913-4819-B063-58CBAA553C03}"
EndProject
Project("{FAE04EC0-301F-11D3-BF4B-00C04F79EFBC}") = "Organization.Tests", "Organization.Tests\Organization.Tests.csproj", "{1D4A386F-6962-4AE8-8397-DB5C08D53333}"
EndProject
Global
	GlobalSection(SolutionConfigurationPlatforms) = preSolution
		Debug|Any CPU = Debug|Any CPU
		Release|Any CPU = Release|Any CPU
	EndGlobalSection
	GlobalSection(ProjectConfigurationPlatforms) = postSolution
		{9509C971-3F44-4208-96DF-8196D29A2255}.Debug|Any CPU.ActiveCfg = Debug|Any CPU
		{9509C971-3F44-4208-96DF-8196D29A2255}.Debug|Any CPU.Build.0 = Debug|Any CPU
		{9509C971-3F44-4208-96DF-8196D29A2255}.Release|Any CPU.ActiveCfg = Release|Any CPU
		{9509C971-3F44-4208-96DF-8196D29A2255}.Release|Any CPU.Build.0 = Release|Any CPU
		{07F75CF2-568B-446D-A18C-B5B57833F3FA}.Debug|Any CPU.ActiveCfg = Debug|Any CPU
		{07F75CF2-568B-446D-A18C-B5B57833F3FA}.Debug|Any CPU.Build.0 = Debug|Any CPU
		{07F75CF2-568B-446D-A18C-B5B57833F3FA}.Release|Any CPU.ActiveCfg = Release|Any CPU
		{07F75CF2-568B-446D-A18C-B5B57833F3FA}.Release|Any CPU.Build.0 = Release|Any CPU
		{4796E55D-B9D8-4010-8F6A-12DE6A11BEB8}.Debug|Any CPU.ActiveCfg = Debug|Any CPU
		{4796E55D-B9D8-4010-8F6A-12DE6A11BEB8}.Debug|Any CPU.Build.0 = Debug|Any CPU
		{4796E55D-B9D8-4010-8F6A-12DE6A11BEB8}.Release|Any CPU.ActiveCfg = Release|Any CPU
		{4796E55D-B9D8-4010-8F6A-12DE6A11BEB8}.Release|Any CPU.Build.0 = Release|Any CPU
		{061AD4AA-D913-4819-B063-58CBAA553C03}.Debug|Any CPU.ActiveCfg = Debug|Any CPU
		{061AD4AA-D913-4819-B063-58CBAA553C03}.Debug|Any CPU.Build.0 = Debug|Any CPU
		{061AD4AA-D913-4819-B063-58CBAA553C03}.Release|Any CPU.ActiveCfg = Release|Any CPU
		{061AD4AA-D913-4819-B063-58CBAA553C03}.Release|Any CPU.Build.0 = Release|Any CPU
		{1D4A386F-6962-4AE8-8397-DB5C08D53333}.Debug|Any CPU.ActiveCfg = Debug|Any CPU
		{1D4A386F-6962-4AE8-8397-DB5C08D53333}.Debug|Any CPU.Build.0 = Debug|Any CPU
		{1D4A386F-6962-4AE8-8397-DB5C08D53333}.Release|Any CPU.ActiveCfg = Release|Any CPU
		{1D4A386F-6962-4AE8-8397-DB5C08D53333}.Release|Any CPU.Build.0 = Release|Any CPU
	EndGlobalSection
	GlobalSection(SolutionProperties) = preSolution
		HideSolutionNode = FALSE
	EndGlobalSection
	GlobalSection(ExtensibilityGlobals) = postSolution
		SolutionGuid = {6BE6EFBE-4A77-4F57-A6D3-D822E613D467}
	EndGlobalSection
EndGlobal
